{"SurveyEntry":{"SurveyID":"SV_8psZhpcFDgVdlT8","SurveyName":"Trial Randomizer","SurveyDescription":null,"SurveyOwnerID":"UR_3WUHDMGK0A1YPvo","SurveyBrandID":"ucdavis","DivisionID":"DV_bCz0vLDEYcivdHv","SurveyLanguage":"EN","SurveyActiveResponseSet":"RS_0B49vCya7n7y4Iu","SurveyStatus":"Inactive","SurveyStartDate":"0000-00-00 00:00:00","SurveyExpirationDate":"0000-00-00 00:00:00","SurveyCreationDate":"2021-09-16 12:37:20","CreatorID":"UR_3WUHDMGK0A1YPvo","LastModified":"2021-09-16 12:42:32","LastAccessed":"0000-00-00 00:00:00","LastActivated":"0000-00-00 00:00:00","Deleted":null},"SurveyElements":[{"SurveyID":"SV_8psZhpcFDgVdlT8","Element":"BL","PrimaryAttribute":"Survey Blocks","SecondaryAttribute":null,"TertiaryAttribute":null,"Payload":{"1":{"Type":"Trash","Description":"Trash \/ Unused Questions","ID":"BL_8HaygXxa5jgzJrg","BlockElements":[{"Type":"Question","QuestionID":"QID1"}]},"2":{"Type":"Standard","SubType":"","Description":"Block 1","ID":"BL_9tuVVtuw9i8JnQa","Options":{"BlockLocking":"false","RandomizeQuestions":"false","BlockVisibility":"Expanded"},"BlockElements":[{"Type":"Question","QuestionID":"QID2"},{"Type":"Question","QuestionID":"QID5"}]},"3":{"Type":"Standard","SubType":"","Description":"Block 1","ID":"BL_1G1v0mxVorXnffw","BlockElements":[{"Type":"Question","QuestionID":"QID3"}]},"4":{"Type":"Standard","SubType":"","Description":"Block 2","ID":"BL_5jsWdcXO0cktGDA","BlockElements":[{"Type":"Question","QuestionID":"QID4"}]},"5":{"Type":"Standard","SubType":"","Description":"Block 3","ID":"BL_aUXd6WgPa75LzaC","BlockElements":[{"Type":"Question","QuestionID":"QID6"}]}}},{"SurveyID":"SV_8psZhpcFDgVdlT8","Element":"FL","PrimaryAttribute":"Survey Flow","SecondaryAttribute":null,"TertiaryAttribute":null,"Payload":{"Type":"Root","FlowID":"FL_1","Flow":[{"Type":"BlockRandomizer","FlowID":"FL_4","SubSet":2,"EvenPresentation":true,"Flow":[{"Type":"Block","ID":"BL_9tuVVtuw9i8JnQa","FlowID":"FL_5","Autofill":[]},{"Type":"Standard","ID":"BL_1G1v0mxVorXnffw","FlowID":"FL_9","Autofill":[]},{"Type":"Standard","ID":"BL_5jsWdcXO0cktGDA","FlowID":"FL_10","Autofill":[]},{"Type":"Standard","ID":"BL_aUXd6WgPa75LzaC","FlowID":"FL_11","Autofill":[]}]}],"Properties":{"Count":11,"RemovedFieldsets":[]}}},{"SurveyID":"SV_8psZhpcFDgVdlT8","Element":"SO","PrimaryAttribute":"Survey Options","SecondaryAttribute":null,"TertiaryAttribute":null,"Payload":{"BackButton":"false","SaveAndContinue":"true","SurveyProtection":"PublicSurvey","BallotBoxStuffingPrevention":"false","NoIndex":"Yes","SecureResponseFiles":"true","SurveyExpiration":"None","SurveyTermination":"DefaultMessage","Header":"","Footer":"","ProgressBarDisplay":"None","PartialData":"+1 week","ValidationMessage":null,"PreviousButton":"","NextButton":"","SurveyTitle":"Qualtrics Survey | Qualtrics Experience Management","SkinLibrary":"ucdavis","SkinType":"MQ","Skin":"ucdavis2","NewScoring":1,"EOSMessage":null,"ShowExportTags":"false","CollectGeoLocation":"false","SurveyMetaDescription":"The most powerful, simple and trusted way to gather experience data. Start your journey to experience management and try a free account today.","PasswordProtection":"No","AnonymizeResponse":"No","RefererCheck":"No","UseCustomSurveyLinkCompletedMessage":null,"SurveyLinkCompletedMessage":null,"SurveyLinkCompletedMessageLibrary":null,"ResponseSummary":"No","EOSMessageLibrary":null,"EOSRedirectURL":null,"EmailThankYou":"false","ThankYouEmailMessageLibrary":null,"ThankYouEmailMessage":null,"ValidateMessage":"false","ValidationMessageLibrary":null,"InactiveSurvey":null,"PartialDeletion":null,"PartialDataCloseAfter":"LastActivity","InactiveMessageLibrary":null,"InactiveMessage":null,"AvailableLanguages":{"EN":[]},"SurveyName":"Trial Randomizer"}},{"SurveyID":"SV_8psZhpcFDgVdlT8","Element":"SCO","PrimaryAttribute":"Scoring","SecondaryAttribute":null,"TertiaryAttribute":null,"Payload":{"ScoringCategories":[],"ScoringCategoryGroups":[],"ScoringSummaryCategory":null,"ScoringSummaryAfterQuestions":0,"ScoringSummaryAfterSurvey":0,"DefaultScoringCategory":null,"AutoScoringCategory":null}},{"SurveyID":"SV_8psZhpcFDgVdlT8","Element":"PROJ","PrimaryAttribute":"CORE","SecondaryAttribute":null,"TertiaryAttribute":"1.1.0","Payload":{"ProjectCategory":"CORE","SchemaVersion":"1.1.0"}},{"SurveyID":"SV_8psZhpcFDgVdlT8","Element":"STAT","PrimaryAttribute":"Survey Statistics","SecondaryAttribute":null,"TertiaryAttribute":null,"Payload":{"MobileCompatible":true,"ID":"Survey Statistics"}},{"SurveyID":"SV_8psZhpcFDgVdlT8","Element":"QC","PrimaryAttribute":"Survey Question Count","SecondaryAttribute":"6","TertiaryAttribute":null,"Payload":null},{"SurveyID":"SV_8psZhpcFDgVdlT8","Element":"SQ","PrimaryAttribute":"QID2","SecondaryAttribute":"Block 1 Q 1","TertiaryAttribute":null,"Payload":{"QuestionText":"Block 1 Q 1","DefaultChoices":false,"DataExportTag":"Q2","QuestionType":"MC","Selector":"SAVR","SubSelector":"TX","Configuration":{"QuestionDescriptionOption":"UseText"},"QuestionDescription":"Block 1 Q 1","Choices":{"1":{"Display":"Click to write Choice 1"},"2":{"Display":"Click to write Choice 2"},"3":{"Display":"Click to write Choice 3"}},"ChoiceOrder":["1","2","3"],"Validation":{"Settings":{"ForceResponse":"OFF","Type":"None"}},"GradingData":[],"Language":[],"NextChoiceId":4,"NextAnswerId":1,"QuestionID":"QID2","DataVisibility":{"Private":false,"Hidden":false}}},{"SurveyID":"SV_8psZhpcFDgVdlT8","Element":"SQ","PrimaryAttribute":"QID5","SecondaryAttribute":"Block 1 Q 2","TertiaryAttribute":null,"Payload":{"QuestionText":"Block 1 Q 2","DefaultChoices":false,"DataExportTag":"Q5","QuestionType":"TE","Selector":"SL","Configuration":{"QuestionDescriptionOption":"UseText"},"QuestionDescription":"Block 1 Q 2","Validation":{"Settings":{"ForceResponse":"OFF","Type":"None"}},"GradingData":[],"Language":[],"NextChoiceId":4,"NextAnswerId":1,"SearchSource":{"AllowFreeResponse":"false"},"QuestionID":"QID5","DataVisibility":{"Private":false,"Hidden":false}}},{"SurveyID":"SV_8psZhpcFDgVdlT8","Element":"SQ","PrimaryAttribute":"QID3","SecondaryAttribute":"Block 2 Q 1","TertiaryAttribute":null,"Payload":{"QuestionText":"Block 2 Q 1<div><br><\/div>","DefaultChoices":false,"DataExportTag":"Q3","QuestionType":"MC","Selector":"SAVR","SubSelector":"TX","Configuration":{"QuestionDescriptionOption":"UseText"},"QuestionDescription":"Block 2 Q 1","Choices":{"1":{"Display":"Click to write Choice 1"},"2":{"Display":"Click to write Choice 2"},"3":{"Display":"Click to write Choice 3"}},"ChoiceOrder":["1","2","3"],"Validation":{"Settings":{"ForceResponse":"OFF","Type":"None"}},"GradingData":[],"Language":[],"NextChoiceId":4,"NextAnswerId":1,"QuestionID":"QID3","DataVisibility":{"Private":false,"Hidden":false}}},{"SurveyID":"SV_8psZhpcFDgVdlT8","Element":"SQ","PrimaryAttribute":"QID4","SecondaryAttribute":"Block 3 Q 1","TertiaryAttribute":null,"Payload":{"QuestionText":"Block 3 Q 1","DefaultChoices":false,"DataExportTag":"Q4","QuestionType":"MC","Selector":"SAVR","SubSelector":"TX","Configuration":{"QuestionDescriptionOption":"UseText"},"QuestionDescription":"Block 3 Q 1","Choices":{"1":{"Display":"Click to write Choice 1"},"2":{"Display":"Click to write Choice 2"},"3":{"Display":"Click to write Choice 3"}},"ChoiceOrder":["1","2","3"],"Validation":{"Settings":{"ForceResponse":"OFF","Type":"None"}},"GradingData":[],"Language":[],"NextChoiceId":4,"NextAnswerId":1,"QuestionID":"QID4","DataVisibility":{"Private":false,"Hidden":false}}},{"SurveyID":"SV_8psZhpcFDgVdlT8","Element":"SQ","PrimaryAttribute":"QID6","SecondaryAttribute":"Block 4 Q 1","TertiaryAttribute":null,"Payload":{"QuestionText":"Block 4 Q 1","DefaultChoices":false,"DataExportTag":"Q6","QuestionType":"MC","Selector":"SAVR","SubSelector":"TX","Configuration":{"QuestionDescriptionOption":"UseText"},"QuestionDescription":"Block 4 Q 1","Choices":{"1":{"Display":"Click to write Choice 1"},"2":{"Display":"Click to write Choice 2"},"3":{"Display":"Click to write Choice 3"}},"ChoiceOrder":["1","2","3"],"Validation":{"Settings":{"ForceResponse":"OFF","Type":"None"}},"GradingData":[],"Language":[],"NextChoiceId":4,"NextAnswerId":1,"QuestionID":"QID6"}},{"SurveyID":"SV_8psZhpcFDgVdlT8","Element":"SQ","PrimaryAttribute":"QID1","SecondaryAttribute":"Click to write the question text","TertiaryAttribute":null,"Payload":{"QuestionText":"Click to write the question text","DataExportTag":"","QuestionType":"MC","Selector":"SAVR","SubSelector":"TX","Configuration":{"QuestionDescriptionOption":"UseText"},"QuestionDescription":"Click to write the question text","Choices":{"1":{"Display":"Click to write Choice 1"},"2":{"Display":"Click to write Choice 2"},"3":{"Display":"Click to write Choice 3"}},"ChoiceOrder":["1","2","3"],"Validation":{"Settings":{"ForceResponse":"OFF","Type":"None"}},"Language":[],"NextChoiceId":4,"NextAnswerId":1,"QuestionID":"QID1"}},{"SurveyID":"SV_8psZhpcFDgVdlT8","Element":"RS","PrimaryAttribute":"RS_0B49vCya7n7y4Iu","SecondaryAttribute":"Default Response Set","TertiaryAttribute":null,"Payload":null}]}